// !$*UTF8*$!
{
	archiveVersion = 1;
	classes = {
	};
	objectVersion = 50;
	objects = {

/* Begin PBXFileReference section */
		FB7F111824902A80000F8BD8 /* royalgraphx.github.io */ = {isa = PBXFileReference; lastKnownFileType = folder; name = royalgraphx.github.io; path = ..; sourceTree = "<group>"; };
/* End PBXFileReference section */

/* Begin PBXGroup section */
		FB7F111124902A36000F8BD8 = {
			isa = PBXGroup;
			children = (
				FB7F111824902A80000F8BD8 /* royalgraphx.github.io */,
			);
			sourceTree = "<group>";
		};
/* End PBXGroup section */

/* Begin PBXProject section */
		FB7F111224902A36000F8BD8 /* Project object */ = {
			isa = PBXProject;
			attributes = {
				LastUpgradeCheck = 1140;
			};
			buildConfigurationList = FB7F111524902A36000F8BD8 /* Build configuration list for PBXProject "com.rgx.null" */;
			compatibilityVersion = "Xcode 9.3";
			developmentRegion = en;
			hasScannedForEncodings = 0;
			knownRegions = (
				en,
				Base,
			);
			mainGroup = FB7F111124902A36000F8BD8;
			projectDirPath = "";
			projectRoot = "";
			targets = (
			);
		};
/* End PBXProject section */

/* Begin XCBuildConfiguration section */
		FB7F111624902A36000F8BD8 /* Debug */ = {
			isa = XCBuildConfiguration;
			buildSettings = {
			};
			name = Debug;
		};
		FB7F111724902A36000F8BD8 /* Release */ = {
			isa = XCBuildConfiguration;
			buildSettings = {
			};
			name = Release;
		};
/* End XCBuildConfiguration section */

/* Begin XCConfigurationList section */
		FB7F111524902A36000F8BD8 /* Build configuration list for PBXProject "com.rgx.null" */ = {
			isa = XCConfigurationList;
			buildConfigurations = (
				FB7F111624902A36000F8BD8 /* Debug */,
				FB7F111724902A36000F8BD8 /* Release */,
			);
			defaultConfigurationIsVisible = 0;
			defaultConfigurationName = Release;
		};
/* End XCConfigurationList section */
	};
	rootObject = FB7F111224902A36000F8BD8 /* Project object */;
}
